github.com/klauspost/compress v1.20.1 h1:T7kKElXUMXrUJ2E9QhQhxFtcK5rPyLdsGZvdbLMPdiQ=
github.com/klauspost/compress v1.20.1/go.mod h1:LUdAzn7YLVvxLpc7y3V1m40wESHTgc1422pwwBSKYuI=
github.com/mattn/go-sqlite3 v1.14.52 h1:wVbm2Qnf4OXkqhBTSPuCRZDRnxfbVrrmiCEroVdog8U=
github.com/mattn/go-sqlite3 v1.14.52/go.mod h1:6JTjA44L93a0QCyJef5YvlPoKXntQPjzWv5gtm9sB6w=
github.com/skratchdot/open-golang v0.0.0-20200116055534-eef842397966 h1:JIAuq3EEf9cgbU6AtGPK4CTG3Zf6CKMNqf0MHTggAUA=
github.com/skratchdot/open-golang v0.0.0-20200116055534-eef842397966/go.mod h1:sUM3LWHvSMaG192sy56D9F7CNvL7jUJVXoqM1QKLnog=
