PODS:
  - Capacitor (6.1.0):
    - CapacitorCordova
  - CapacitorCommunitySqlite (6.0.1):
    - Capacitor
    - SQLCipher
    - ZIPFoundation
  - CapacitorCordova (6.1.0)
  - CapacitorFilesystem (6.0.0):
    - Capacitor
  - SQLCipher (4.6.0):
    - SQLCipher/standard (= 4.6.0)
  - SQLCipher/common (4.6.0)
  - SQLCipher/standard (4.6.0):
    - SQLCipher/common
  - ZIPFoundation (0.9.19)

DEPENDENCIES:
  - "Capacitor (from `../../node_modules/@capacitor/ios`)"
  - "CapacitorCommunitySqlite (from `../../node_modules/@capacitor-community/sqlite`)"
  - "CapacitorCordova (from `../../node_modules/@capacitor/ios`)"
  - "CapacitorFilesystem (from `../../node_modules/@capacitor/filesystem`)"

SPEC REPOS:
  trunk:
    - SQLCipher
    - ZIPFoundation

EXTERNAL SOURCES:
  Capacitor:
    :path: "../../node_modules/@capacitor/ios"
  CapacitorCommunitySqlite:
    :path: "../../node_modules/@capacitor-community/sqlite"
  CapacitorCordova:
    :path: "../../node_modules/@capacitor/ios"
  CapacitorFilesystem:
    :path: "../../node_modules/@capacitor/filesystem"

SPEC CHECKSUMS:
  Capacitor: 187bd7847b6f71467015a20200a1a071be3e5f14
  CapacitorCommunitySqlite: d0b543e12a06ee6fd0dc287c389e6b435ec4acdf
  CapacitorCordova: be703980ca797f847c3356f78fa175d21c8330c2
  CapacitorFilesystem: 60e59ba274c234a979e7a3be2552feaadcee4263
  SQLCipher: 30a8e81afa6128e600b17ffa77d0f92fa05ed208
  ZIPFoundation: b8c29ea7ae353b309bc810586181fd073cb3312c

PODFILE CHECKSUM: a0d8c3774350ee12b69faf87ff3e8319dac0cc37

COCOAPODS: 1.15.2
